
Microsoft Visual Studio Solution File, Format Version 12.00
# Visual Studio Version 17
VisualStudioVersion = 17.3.32901.215
MinimumVisualStudioVersion = 10.0.40219.1
Project("{FAE04EC0-301F-11D3-BF4B-00C04F79EFBC}") = "ExpensifySoftwareSec", "ExpensifySoftwareSec\ExpensifySoftwareSec.csproj", "{927A9784-C28B-4525-A52A-5A77A082BB97}"
EndProject
Global
	GlobalSection(SolutionConfigurationPlatforms) = preSolution
		Debug|Any CPU = Debug|Any CPU
		Release|Any CPU = Release|Any CPU
	EndGlobalSection
	GlobalSection(ProjectConfigurationPlatforms) = postSolution
		{927A9784-C28B-4525-A52A-5A77A082BB97}.Debug|Any CPU.ActiveCfg = Debug|Any CPU
		{927A9784-C28B-4525-A52A-5A77A082BB97}.Debug|Any CPU.Build.0 = Debug|Any CPU
		{927A9784-C28B-4525-A52A-5A77A082BB97}.Release|Any CPU.ActiveCfg = Release|Any CPU
		{927A9784-C28B-4525-A52A-5A77A082BB97}.Release|Any CPU.Build.0 = Release|Any CPU
	EndGlobalSection
	GlobalSection(SolutionProperties) = preSolution
		HideSolutionNode = FALSE
	EndGlobalSection
	GlobalSection(ExtensibilityGlobals) = postSolution
		SolutionGuid = {C3A09B6D-234A-405E-B9F6-B958FB96296A}
	EndGlobalSection
EndGlobal
